// !$*UTF8*$!
{
	archiveVersion = 1;
	classes = {
	};
	objectVersion = 50;
	objects = {

/* Begin PBXBuildFile section */
		A33BDECF23C0BD91006870EE /* User.swift in Sources */ = {isa = PBXBuildFile; fileRef = A33BDECE23C0BD91006870EE /* User.swift */; };
		A33BDED223C0C36E006870EE /* SignUpController.swift in Sources */ = {isa = PBXBuildFile; fileRef = A33BDED123C0C36E006870EE /* SignUpController.swift */; };
		A33BDED423C127BA006870EE /* AddLogementController.swift in Sources */ = {isa = PBXBuildFile; fileRef = A33BDED323C127BA006870EE /* AddLogementController.swift */; };
		A33BDED623C12ABA006870EE /* Logement.swift in Sources */ = {isa = PBXBuildFile; fileRef = A33BDED523C12ABA006870EE /* Logement.swift */; };
		A344352B23B905520046A445 /* AppDelegate.swift in Sources */ = {isa = PBXBuildFile; fileRef = A344352A23B905520046A445 /* AppDelegate.swift */; };
		A344352D23B905520046A445 /* SceneDelegate.swift in Sources */ = {isa = PBXBuildFile; fileRef = A344352C23B905520046A445 /* SceneDelegate.swift */; };
		A344353223B905520046A445 /* Main.storyboard in Resources */ = {isa = PBXBuildFile; fileRef = A344353023B905520046A445 /* Main.storyboard */; };
		A344353523B905520046A445 /* Projet_IF26.xcdatamodeld in Sources */ = {isa = PBXBuildFile; fileRef = A344353323B905520046A445 /* Projet_IF26.xcdatamodeld */; };
		A344353723B905550046A445 /* Assets.xcassets in Resources */ = {isa = PBXBuildFile; fileRef = A344353623B905550046A445 /* Assets.xcassets */; };
		A344353A23B905550046A445 /* LaunchScreen.storyboard in Resources */ = {isa = PBXBuildFile; fileRef = A344353823B905550046A445 /* LaunchScreen.storyboard */; };
		A344354223B906E40046A445 /* LoginController.swift in Sources */ = {isa = PBXBuildFile; fileRef = A344354123B906E40046A445 /* LoginController.swift */; };
/* End PBXBuildFile section */

/* Begin PBXFileReference section */
		A33BDECE23C0BD91006870EE /* User.swift */ = {isa = PBXFileReference; lastKnownFileType = sourcecode.swift; path = User.swift; sourceTree = "<group>"; };
		A33BDED123C0C36E006870EE /* SignUpController.swift */ = {isa = PBXFileReference; lastKnownFileType = sourcecode.swift; path = SignUpController.swift; sourceTree = "<group>"; };
		A33BDED323C127BA006870EE /* AddLogementController.swift */ = {isa = PBXFileReference; lastKnownFileType = sourcecode.swift; path = AddLogementController.swift; sourceTree = "<group>"; };
		A33BDED523C12ABA006870EE /* Logement.swift */ = {isa = PBXFileReference; lastKnownFileType = sourcecode.swift; path = Logement.swift; sourceTree = "<group>"; };
		A344352723B905520046A445 /* Projet IF26.app */ = {isa = PBXFileReference; explicitFileType = wrapper.application; includeInIndex = 0; path = "Projet IF26.app"; sourceTree = BUILT_PRODUCTS_DIR; };
		A344352A23B905520046A445 /* AppDelegate.swift */ = {isa = PBXFileReference; lastKnownFileType = sourcecode.swift; path = AppDelegate.swift; sourceTree = "<group>"; };
		A344352C23B905520046A445 /* SceneDelegate.swift */ = {isa = PBXFileReference; lastKnownFileType = sourcecode.swift; path = SceneDelegate.swift; sourceTree = "<group>"; };
		A344353123B905520046A445 /* Base */ = {isa = PBXFileReference; lastKnownFileType = file.storyboard; name = Base; path = Base.lproj/Main.storyboard; sourceTree = "<group>"; };
		A344353423B905520046A445 /* Projet_IF26.xcdatamodel */ = {isa = PBXFileReference; lastKnownFileType = wrapper.xcdatamodel; path = Projet_IF26.xcdatamodel; sourceTree = "<group>"; };
		A344353623B905550046A445 /* Assets.xcassets */ = {isa = PBXFileReference; lastKnownFileType = folder.assetcatalog; path = Assets.xcassets; sourceTree = "<group>"; };
		A344353923B905550046A445 /* Base */ = {isa = PBXFileReference; lastKnownFileType = file.storyboard; name = Base; path = Base.lproj/LaunchScreen.storyboard; sourceTree = "<group>"; };
		A344353B23B905550046A445 /* Info.plist */ = {isa = PBXFileReference; lastKnownFileType = text.plist.xml; path = Info.plist; sourceTree = "<group>"; };
		A344354123B906E40046A445 /* LoginController.swift */ = {isa = PBXFileReference; lastKnownFileType = sourcecode.swift; path = LoginController.swift; sourceTree = "<group>"; };
/* End PBXFileReference section */

/* Begin PBXFrameworksBuildPhase section */
		A344352423B905520046A445 /* Frameworks */ = {
			isa = PBXFrameworksBuildPhase;
			buildActionMask = 2147483647;
			files = (
			);
			runOnlyForDeploymentPostprocessing = 0;
		};
/* End PBXFrameworksBuildPhase section */

/* Begin PBXGroup section */
		A33BDECD23C09D28006870EE /* Model */ = {
			isa = PBXGroup;
			children = (
				A344353323B905520046A445 /* Projet_IF26.xcdatamodeld */,
				A33BDED523C12ABA006870EE /* Logement.swift */,
				A33BDECE23C0BD91006870EE /* User.swift */,
			);
			path = Model;
			sourceTree = "<group>";
		};
		A33BDED023C0C070006870EE /* Controller */ = {
			isa = PBXGroup;
			children = (
				A344354123B906E40046A445 /* LoginController.swift */,
				A33BDED123C0C36E006870EE /* SignUpController.swift */,
				A33BDED323C127BA006870EE /* AddLogementController.swift */,
			);
			path = Controller;
			sourceTree = "<group>";
		};
		A344351E23B905520046A445 = {
			isa = PBXGroup;
			children = (
				A344352923B905520046A445 /* Projet IF26 */,
				A344352823B905520046A445 /* Products */,
			);
			sourceTree = "<group>";
		};
		A344352823B905520046A445 /* Products */ = {
			isa = PBXGroup;
			children = (
				A344352723B905520046A445 /* Projet IF26.app */,
			);
			name = Products;
			sourceTree = "<group>";
		};
		A344352923B905520046A445 /* Projet IF26 */ = {
			isa = PBXGroup;
			children = (
				A33BDED023C0C070006870EE /* Controller */,
				A33BDECD23C09D28006870EE /* Model */,
				A344352A23B905520046A445 /* AppDelegate.swift */,
				A344352C23B905520046A445 /* SceneDelegate.swift */,
				A344353023B905520046A445 /* Main.storyboard */,
				A344353623B905550046A445 /* Assets.xcassets */,
				A344353823B905550046A445 /* LaunchScreen.storyboard */,
				A344353B23B905550046A445 /* Info.plist */,
			);
			path = "Projet IF26";
			sourceTree = "<group>";
		};
/* End PBXGroup section */

/* Begin PBXNativeTarget section */
		A344352623B905520046A445 /* Projet IF26 */ = {
			isa = PBXNativeTarget;
			buildConfigurationList = A344353E23B905550046A445 /* Build configuration list for PBXNativeTarget "Projet IF26" */;
			buildPhases = (
				A344352323B905520046A445 /* Sources */,
				A344352423B905520046A445 /* Frameworks */,
				A344352523B905520046A445 /* Resources */,
			);
			buildRules = (
			);
			dependencies = (
			);
			name = "Projet IF26";
			productName = "Projet IF26";
			productReference = A344352723B905520046A445 /* Projet IF26.app */;
			productType = "com.apple.product-type.application";
		};
/* End PBXNativeTarget section */

/* Begin PBXProject section */
		A344351F23B905520046A445 /* Project object */ = {
			isa = PBXProject;
			attributes = {
				LastSwiftUpdateCheck = 1130;
				LastUpgradeCheck = 1130;
				ORGANIZATIONNAME = "Maximilien Regnier";
				TargetAttributes = {
					A344352623B905520046A445 = {
						CreatedOnToolsVersion = 11.3;
					};
				};
			};
			buildConfigurationList = A344352223B905520046A445 /* Build configuration list for PBXProject "Projet IF26" */;
			compatibilityVersion = "Xcode 9.3";
			developmentRegion = en;
			hasScannedForEncodings = 0;
			knownRegions = (
				en,
				Base,
			);
			mainGroup = A344351E23B905520046A445;
			productRefGroup = A344352823B905520046A445 /* Products */;
			projectDirPath = "";
			projectRoot = "";
			targets = (
				A344352623B905520046A445 /* Projet IF26 */,
			);
		};
/* End PBXProject section */

/* Begin PBXResourcesBuildPhase section */
		A344352523B905520046A445 /* Resources */ = {
			isa = PBXResourcesBuildPhase;
			buildActionMask = 2147483647;
			files = (
				A344353A23B905550046A445 /* LaunchScreen.storyboard in Resources */,
				A344353723B905550046A445 /* Assets.xcassets in Resources */,
				A344353223B905520046A445 /* Main.storyboard in Resources */,
			);
			runOnlyForDeploymentPostprocessing = 0;
		};
/* End PBXResourcesBuildPhase section */

/* Begin PBXSourcesBuildPhase section */
		A344352323B905520046A445 /* Sources */ = {
			isa = PBXSourcesBuildPhase;
			buildActionMask = 2147483647;
			files = (
				A344352B23B905520046A445 /* AppDelegate.swift in Sources */,
				A33BDED223C0C36E006870EE /* SignUpController.swift in Sources */,
				A33BDECF23C0BD91006870EE /* User.swift in Sources */,
				A344353523B905520046A445 /* Projet_IF26.xcdatamodeld in Sources */,
				A33BDED623C12ABA006870EE /* Logement.swift in Sources */,
				A344352D23B905520046A445 /* SceneDelegate.swift in Sources */,
				A344354223B906E40046A445 /* LoginController.swift in Sources */,
				A33BDED423C127BA006870EE /* AddLogementController.swift in Sources */,
			);
			runOnlyForDeploymentPostprocessing = 0;
		};
/* End PBXSourcesBuildPhase section */

/* Begin PBXVariantGroup section */
		A344353023B905520046A445 /* Main.storyboard */ = {
			isa = PBXVariantGroup;
			children = (
				A344353123B905520046A445 /* Base */,
			);
			name = Main.storyboard;
			sourceTree = "<group>";
		};
		A344353823B905550046A445 /* LaunchScreen.storyboard */ = {
			isa = PBXVariantGroup;
			children = (
				A344353923B905550046A445 /* Base */,
			);
			name = LaunchScreen.storyboard;
			sourceTree = "<group>";
		};
/* End PBXVariantGroup section */

/* Begin XCBuildConfiguration section */
		A344353C23B905550046A445 /* Debug */ = {
			isa = XCBuildConfiguration;
			buildSettings = {
				ALWAYS_SEARCH_USER_PATHS = NO;
				CLANG_ANALYZER_NONNULL = YES;
				CLANG_ANALYZER_NUMBER_OBJECT_CONVERSION = YES_AGGRESSIVE;
				CLANG_CXX_LANGUAGE_STANDARD = "gnu++14";
				CLANG_CXX_LIBRARY = "libc++";
				CLANG_ENABLE_MODULES = YES;
				CLANG_ENABLE_OBJC_ARC = YES;
				CLANG_ENABLE_OBJC_WEAK = YES;
				CLANG_WARN_BLOCK_CAPTURE_AUTORELEASING = YES;
				CLANG_WARN_BOOL_CONVERSION = YES;
				CLANG_WARN_COMMA = YES;
				CLANG_WARN_CONSTANT_CONVERSION = YES;
				CLANG_WARN_DEPRECATED_OBJC_IMPLEMENTATIONS = YES;
				CLANG_WARN_DIRECT_OBJC_ISA_USAGE = YES_ERROR;
				CLANG_WARN_DOCUMENTATION_COMMENTS = YES;
				CLANG_WARN_EMPTY_BODY = YES;
				CLANG_WARN_ENUM_CONVERSION = YES;
				CLANG_WARN_INFINITE_RECURSION = YES;
				CLANG_WARN_INT_CONVERSION = YES;
				CLANG_WARN_NON_LITERAL_NULL_CONVERSION = YES;
				CLANG_WARN_OBJC_IMPLICIT_RETAIN_SELF = YES;
				CLANG_WARN_OBJC_LITERAL_CONVERSION = YES;
				CLANG_WARN_OBJC_ROOT_CLASS = YES_ERROR;
				CLANG_WARN_RANGE_LOOP_ANALYSIS = YES;
				CLANG_WARN_STRICT_PROTOTYPES = YES;
				CLANG_WARN_SUSPICIOUS_MOVE = YES;
				CLANG_WARN_UNGUARDED_AVAILABILITY = YES_AGGRESSIVE;
				CLANG_WARN_UNREACHABLE_CODE = YES;
				CLANG_WARN__DUPLICATE_METHOD_MATCH = YES;
				COPY_PHASE_STRIP = NO;
				DEBUG_INFORMATION_FORMAT = dwarf;
				ENABLE_STRICT_OBJC_MSGSEND = YES;
				ENABLE_TESTABILITY = YES;
				GCC_C_LANGUAGE_STANDARD = gnu11;
				GCC_DYNAMIC_NO_PIC = NO;
				GCC_NO_COMMON_BLOCKS = YES;
				GCC_OPTIMIZATION_LEVEL = 0;
				GCC_PREPROCESSOR_DEFINITIONS = (
					"DEBUG=1",
					"$(inherited)",
				);
				GCC_WARN_64_TO_32_BIT_CONVERSION = YES;
				GCC_WARN_ABOUT_RETURN_TYPE = YES_ERROR;
				GCC_WARN_UNDECLARED_SELECTOR = YES;
				GCC_WARN_UNINITIALIZED_AUTOS = YES_AGGRESSIVE;
				GCC_WARN_UNUSED_FUNCTION = YES;
				GCC_WARN_UNUSED_VARIABLE = YES;
				IPHONEOS_DEPLOYMENT_TARGET = 13.2;
				MTL_ENABLE_DEBUG_INFO = INCLUDE_SOURCE;
				MTL_FAST_MATH = YES;
				ONLY_ACTIVE_ARCH = YES;
				SDKROOT = iphoneos;
				SWIFT_ACTIVE_COMPILATION_CONDITIONS = DEBUG;
				SWIFT_OPTIMIZATION_LEVEL = "-Onone";
			};
			name = Debug;
		};
		A344353D23B905550046A445 /* Release */ = {
			isa = XCBuildConfiguration;
			buildSettings = {
				ALWAYS_SEARCH_USER_PATHS = NO;
				CLANG_ANALYZER_NONNULL = YES;
				CLANG_ANALYZER_NUMBER_OBJECT_CONVERSION = YES_AGGRESSIVE;
				CLANG_CXX_LANGUAGE_STANDARD = "gnu++14";
				CLANG_CXX_LIBRARY = "libc++";
				CLANG_ENABLE_MODULES = YES;
				CLANG_ENABLE_OBJC_ARC = YES;
				CLANG_ENABLE_OBJC_WEAK = YES;
				CLANG_WARN_BLOCK_CAPTURE_AUTORELEASING = YES;
				CLANG_WARN_BOOL_CONVERSION = YES;
				CLANG_WARN_COMMA = YES;
				CLANG_WARN_CONSTANT_CONVERSION = YES;
				CLANG_WARN_DEPRECATED_OBJC_IMPLEMENTATIONS = YES;
				CLANG_WARN_DIRECT_OBJC_ISA_USAGE = YES_ERROR;
				CLANG_WARN_DOCUMENTATION_COMMENTS = YES;
				CLANG_WARN_EMPTY_BODY = YES;
				CLANG_WARN_ENUM_CONVERSION = YES;
				CLANG_WARN_INFINITE_RECURSION = YES;
				CLANG_WARN_INT_CONVERSION = YES;
				CLANG_WARN_NON_LITERAL_NULL_CONVERSION = YES;
				CLANG_WARN_OBJC_IMPLICIT_RETAIN_SELF = YES;
				CLANG_WARN_OBJC_LITERAL_CONVERSION = YES;
				CLANG_WARN_OBJC_ROOT_CLASS = YES_ERROR;
				CLANG_WARN_RANGE_LOOP_ANALYSIS = YES;
				CLANG_WARN_STRICT_PROTOTYPES = YES;
				CLANG_WARN_SUSPICIOUS_MOVE = YES;
				CLANG_WARN_UNGUARDED_AVAILABILITY = YES_AGGRESSIVE;
				CLANG_WARN_UNREACHABLE_CODE = YES;
				CLANG_WARN__DUPLICATE_METHOD_MATCH = YES;
				COPY_PHASE_STRIP = NO;
				DEBUG_INFORMATION_FORMAT = "dwarf-with-dsym";
				ENABLE_NS_ASSERTIONS = NO;
				ENABLE_STRICT_OBJC_MSGSEND = YES;
				GCC_C_LANGUAGE_STANDARD = gnu11;
				GCC_NO_COMMON_BLOCKS = YES;
				GCC_WARN_64_TO_32_BIT_CONVERSION = YES;
				GCC_WARN_ABOUT_RETURN_TYPE = YES_ERROR;
				GCC_WARN_UNDECLARED_SELECTOR = YES;
				GCC_WARN_UNINITIALIZED_AUTOS = YES_AGGRESSIVE;
				GCC_WARN_UNUSED_FUNCTION = YES;
				GCC_WARN_UNUSED_VARIABLE = YES;
				IPHONEOS_DEPLOYMENT_TARGET = 13.2;
				MTL_ENABLE_DEBUG_INFO = NO;
				MTL_FAST_MATH = YES;
				SDKROOT = iphoneos;
				SWIFT_COMPILATION_MODE = wholemodule;
				SWIFT_OPTIMIZATION_LEVEL = "-O";
				VALIDATE_PRODUCT = YES;
			};
			name = Release;
		};
		A344353F23B905550046A445 /* Debug */ = {
			isa = XCBuildConfiguration;
			buildSettings = {
				ASSETCATALOG_COMPILER_APPICON_NAME = AppIcon;
				CODE_SIGN_STYLE = Automatic;
				DEVELOPMENT_TEAM = 8J75796JH9;
				INFOPLIST_FILE = "Projet IF26/Info.plist";
				LD_RUNPATH_SEARCH_PATHS = (
					"$(inherited)",
					"@executable_path/Frameworks",
				);
				PRODUCT_BUNDLE_IDENTIFIER = "fr.utt.if26.Projet-IF26";
				PRODUCT_NAME = "$(TARGET_NAME)";
				SWIFT_VERSION = 5.0;
				TARGETED_DEVICE_FAMILY = "1,2";
			};
			name = Debug;
		};
		A344354023B905550046A445 /* Release */ = {
			isa = XCBuildConfiguration;
			buildSettings = {
				ASSETCATALOG_COMPILER_APPICON_NAME = AppIcon;
				CODE_SIGN_STYLE = Automatic;
				DEVELOPMENT_TEAM = 8J75796JH9;
				INFOPLIST_FILE = "Projet IF26/Info.plist";
				LD_RUNPATH_SEARCH_PATHS = (
					"$(inherited)",
					"@executable_path/Frameworks",
				);
				PRODUCT_BUNDLE_IDENTIFIER = "fr.utt.if26.Projet-IF26";
				PRODUCT_NAME = "$(TARGET_NAME)";
				SWIFT_VERSION = 5.0;
				TARGETED_DEVICE_FAMILY = "1,2";
			};
			name = Release;
		};
/* End XCBuildConfiguration section */

/* Begin XCConfigurationList section */
		A344352223B905520046A445 /* Build configuration list for PBXProject "Projet IF26" */ = {
			isa = XCConfigurationList;
			buildConfigurations = (
				A344353C23B905550046A445 /* Debug */,
				A344353D23B905550046A445 /* Release */,
			);
			defaultConfigurationIsVisible = 0;
			defaultConfigurationName = Release;
		};
		A344353E23B905550046A445 /* Build configuration list for PBXNativeTarget "Projet IF26" */ = {
			isa = XCConfigurationList;
			buildConfigurations = (
				A344353F23B905550046A445 /* Debug */,
				A344354023B905550046A445 /* Release */,
			);
			defaultConfigurationIsVisible = 0;
			defaultConfigurationName = Release;
		};
/* End XCConfigurationList section */

/* Begin XCVersionGroup section */
		A344353323B905520046A445 /* Projet_IF26.xcdatamodeld */ = {
			isa = XCVersionGroup;
			children = (
				A344353423B905520046A445 /* Projet_IF26.xcdatamodel */,
			);
			currentVersion = A344353423B905520046A445 /* Projet_IF26.xcdatamodel */;
			path = Projet_IF26.xcdatamodeld;
			sourceTree = "<group>";
			versionGroupType = wrapper.xcdatamodel;
		};
/* End XCVersionGroup section */
	};
	rootObject = A344351F23B905520046A445 /* Project object */;
}
